// !$*UTF8*$!
{
	archiveVersion = 1;
	classes = {
	};
	objectVersion = 56;
	objects = {

/* Begin PBXBuildFile section */
		2C1DB0F32B2B198000E94E9C /* BookLibrary.swift in Sources */ = {isa = PBXBuildFile; fileRef = 2C1DB0F22B2B198000E94E9C /* BookLibrary.swift */; };
		2C95F54F2B437C8300D39508 /* NetworkManager.swift in Sources */ = {isa = PBXBuildFile; fileRef = 2C95F54E2B437C8300D39508 /* NetworkManager.swift */; };
		2C95F5532B437E1500D39508 /* Errors.swift in Sources */ = {isa = PBXBuildFile; fileRef = 2C95F5522B437E1500D39508 /* Errors.swift */; };
		2CB333802B2868E800677A5E /* LibraryView.swift in Sources */ = {isa = PBXBuildFile; fileRef = 2CB3337F2B2868E800677A5E /* LibraryView.swift */; };
		2CB333842B28F25300677A5E /* BookDetailCell.swift in Sources */ = {isa = PBXBuildFile; fileRef = 2CB333832B28F25300677A5E /* BookDetailCell.swift */; };
		2CB333862B28FE1100677A5E /* FindBookOnlineView.swift in Sources */ = {isa = PBXBuildFile; fileRef = 2CB333852B28FE1100677A5E /* FindBookOnlineView.swift */; };
		2CE75F752B2826330058B0AD /* ReadItApp.swift in Sources */ = {isa = PBXBuildFile; fileRef = 2CE75F742B2826330058B0AD /* ReadItApp.swift */; };
		2CE75F772B2826330058B0AD /* ContentView.swift in Sources */ = {isa = PBXBuildFile; fileRef = 2CE75F762B2826330058B0AD /* ContentView.swift */; };
		2CE75F792B2826380058B0AD /* Assets.xcassets in Resources */ = {isa = PBXBuildFile; fileRef = 2CE75F782B2826380058B0AD /* Assets.xcassets */; };
		2CE75F7C2B2826390058B0AD /* Preview Assets.xcassets in Resources */ = {isa = PBXBuildFile; fileRef = 2CE75F7B2B2826390058B0AD /* Preview Assets.xcassets */; };
		2CE75F852B282C120058B0AD /* Book.swift in Sources */ = {isa = PBXBuildFile; fileRef = 2CE75F842B282C120058B0AD /* Book.swift */; };
/* End PBXBuildFile section */

/* Begin PBXFileReference section */
		2C1DB0F22B2B198000E94E9C /* BookLibrary.swift */ = {isa = PBXFileReference; lastKnownFileType = sourcecode.swift; path = BookLibrary.swift; sourceTree = SOURCE_ROOT; };
		2C95F54E2B437C8300D39508 /* NetworkManager.swift */ = {isa = PBXFileReference; lastKnownFileType = sourcecode.swift; path = NetworkManager.swift; sourceTree = "<group>"; };
		2C95F5522B437E1500D39508 /* Errors.swift */ = {isa = PBXFileReference; lastKnownFileType = sourcecode.swift; path = Errors.swift; sourceTree = "<group>"; };
		2CB3337F2B2868E800677A5E /* LibraryView.swift */ = {isa = PBXFileReference; lastKnownFileType = sourcecode.swift; name = LibraryView.swift; path = ReadIt/View/LibraryView.swift; sourceTree = SOURCE_ROOT; };
		2CB333832B28F25300677A5E /* BookDetailCell.swift */ = {isa = PBXFileReference; lastKnownFileType = sourcecode.swift; name = BookDetailCell.swift; path = ReadIt/View/BookDetailCell.swift; sourceTree = SOURCE_ROOT; };
		2CB333852B28FE1100677A5E /* FindBookOnlineView.swift */ = {isa = PBXFileReference; lastKnownFileType = sourcecode.swift; name = FindBookOnlineView.swift; path = ReadIt/View/FindBookOnlineView.swift; sourceTree = SOURCE_ROOT; };
		2CE75F712B2826330058B0AD /* ReadIt.app */ = {isa = PBXFileReference; explicitFileType = wrapper.application; includeInIndex = 0; path = ReadIt.app; sourceTree = BUILT_PRODUCTS_DIR; };
		2CE75F742B2826330058B0AD /* ReadItApp.swift */ = {isa = PBXFileReference; lastKnownFileType = sourcecode.swift; path = ReadItApp.swift; sourceTree = "<group>"; };
		2CE75F762B2826330058B0AD /* ContentView.swift */ = {isa = PBXFileReference; lastKnownFileType = sourcecode.swift; path = ContentView.swift; sourceTree = "<group>"; };
		2CE75F782B2826380058B0AD /* Assets.xcassets */ = {isa = PBXFileReference; lastKnownFileType = folder.assetcatalog; path = Assets.xcassets; sourceTree = "<group>"; };
		2CE75F7B2B2826390058B0AD /* Preview Assets.xcassets */ = {isa = PBXFileReference; lastKnownFileType = folder.assetcatalog; path = "Preview Assets.xcassets"; sourceTree = "<group>"; };
		2CE75F842B282C120058B0AD /* Book.swift */ = {isa = PBXFileReference; lastKnownFileType = sourcecode.swift; path = Book.swift; sourceTree = "<group>"; };
/* End PBXFileReference section */

/* Begin PBXFrameworksBuildPhase section */
		2CE75F6E2B2826330058B0AD /* Frameworks */ = {
			isa = PBXFrameworksBuildPhase;
			buildActionMask = 2147483647;
			files = (
			);
			runOnlyForDeploymentPostprocessing = 0;
		};
/* End PBXFrameworksBuildPhase section */

/* Begin PBXGroup section */
		2C4FF2842B438645005DD177 /* Utilities */ = {
			isa = PBXGroup;
			children = (
				2C95F54D2B437C7500D39508 /* Managers */,
			);
			path = Utilities;
			sourceTree = "<group>";
		};
		2C95F54D2B437C7500D39508 /* Managers */ = {
			isa = PBXGroup;
			children = (
				2C95F54E2B437C8300D39508 /* NetworkManager.swift */,
			);
			path = Managers;
			sourceTree = "<group>";
		};
		2C95F5512B437E0A00D39508 /* Errors */ = {
			isa = PBXGroup;
			children = (
				2C95F5522B437E1500D39508 /* Errors.swift */,
			);
			path = Errors;
			sourceTree = "<group>";
		};
		2CE75F682B2826320058B0AD = {
			isa = PBXGroup;
			children = (
				2CE75F732B2826330058B0AD /* ReadIt */,
				2CE75F722B2826330058B0AD /* Products */,
			);
			sourceTree = "<group>";
		};
		2CE75F722B2826330058B0AD /* Products */ = {
			isa = PBXGroup;
			children = (
				2CE75F712B2826330058B0AD /* ReadIt.app */,
			);
			name = Products;
			sourceTree = "<group>";
		};
		2CE75F732B2826330058B0AD /* ReadIt */ = {
			isa = PBXGroup;
			children = (
				2CE75F742B2826330058B0AD /* ReadItApp.swift */,
				2CE75F832B282BEE0058B0AD /* View */,
				2CE75F822B282BE80058B0AD /* Model */,
				2C4FF2842B438645005DD177 /* Utilities */,
				2C95F5512B437E0A00D39508 /* Errors */,
				2CE75F7A2B2826390058B0AD /* Preview Content */,
				2CE75F782B2826380058B0AD /* Assets.xcassets */,
			);
			path = ReadIt;
			sourceTree = "<group>";
		};
		2CE75F7A2B2826390058B0AD /* Preview Content */ = {
			isa = PBXGroup;
			children = (
				2CE75F7B2B2826390058B0AD /* Preview Assets.xcassets */,
			);
			path = "Preview Content";
			sourceTree = "<group>";
		};
		2CE75F822B282BE80058B0AD /* Model */ = {
			isa = PBXGroup;
			children = (
				2C1DB0F22B2B198000E94E9C /* BookLibrary.swift */,
				2CE75F842B282C120058B0AD /* Book.swift */,
			);
			path = Model;
			sourceTree = "<group>";
		};
		2CE75F832B282BEE0058B0AD /* View */ = {
			isa = PBXGroup;
			children = (
				2CB333852B28FE1100677A5E /* FindBookOnlineView.swift */,
				2CB333832B28F25300677A5E /* BookDetailCell.swift */,
				2CE75F762B2826330058B0AD /* ContentView.swift */,
				2CB3337F2B2868E800677A5E /* LibraryView.swift */,
			);
			path = View;
			sourceTree = "<group>";
		};
/* End PBXGroup section */

/* Begin PBXNativeTarget section */
		2CE75F702B2826330058B0AD /* ReadIt */ = {
			isa = PBXNativeTarget;
			buildConfigurationList = 2CE75F7F2B2826390058B0AD /* Build configuration list for PBXNativeTarget "ReadIt" */;
			buildPhases = (
				2CE75F6D2B2826330058B0AD /* Sources */,
				2CE75F6E2B2826330058B0AD /* Frameworks */,
				2CE75F6F2B2826330058B0AD /* Resources */,
			);
			buildRules = (
			);
			dependencies = (
			);
			name = ReadIt;
			productName = ReadIt;
			productReference = 2CE75F712B2826330058B0AD /* ReadIt.app */;
			productType = "com.apple.product-type.application";
		};
/* End PBXNativeTarget section */

/* Begin PBXProject section */
		2CE75F692B2826320058B0AD /* Project object */ = {
			isa = PBXProject;
			attributes = {
				BuildIndependentTargetsInParallel = 1;
				LastSwiftUpdateCheck = 1500;
				LastUpgradeCheck = 1500;
				TargetAttributes = {
					2CE75F702B2826330058B0AD = {
						CreatedOnToolsVersion = 15.0;
					};
				};
			};
			buildConfigurationList = 2CE75F6C2B2826330058B0AD /* Build configuration list for PBXProject "ReadIt" */;
			compatibilityVersion = "Xcode 14.0";
			developmentRegion = en;
			hasScannedForEncodings = 0;
			knownRegions = (
				en,
				Base,
			);
			mainGroup = 2CE75F682B2826320058B0AD;
			productRefGroup = 2CE75F722B2826330058B0AD /* Products */;
			projectDirPath = "";
			projectRoot = "";
			targets = (
				2CE75F702B2826330058B0AD /* ReadIt */,
			);
		};
/* End PBXProject section */

/* Begin PBXResourcesBuildPhase section */
		2CE75F6F2B2826330058B0AD /* Resources */ = {
			isa = PBXResourcesBuildPhase;
			buildActionMask = 2147483647;
			files = (
				2CE75F7C2B2826390058B0AD /* Preview Assets.xcassets in Resources */,
				2CE75F792B2826380058B0AD /* Assets.xcassets in Resources */,
			);
			runOnlyForDeploymentPostprocessing = 0;
		};
/* End PBXResourcesBuildPhase section */

/* Begin PBXSourcesBuildPhase section */
		2CE75F6D2B2826330058B0AD /* Sources */ = {
			isa = PBXSourcesBuildPhase;
			buildActionMask = 2147483647;
			files = (
				2C1DB0F32B2B198000E94E9C /* BookLibrary.swift in Sources */,
				2C95F54F2B437C8300D39508 /* NetworkManager.swift in Sources */,
				2CB333842B28F25300677A5E /* BookDetailCell.swift in Sources */,
				2CE75F772B2826330058B0AD /* ContentView.swift in Sources */,
				2CE75F752B2826330058B0AD /* ReadItApp.swift in Sources */,
				2C95F5532B437E1500D39508 /* Errors.swift in Sources */,
				2CB333802B2868E800677A5E /* LibraryView.swift in Sources */,
				2CB333862B28FE1100677A5E /* FindBookOnlineView.swift in Sources */,
				2CE75F852B282C120058B0AD /* Book.swift in Sources */,
			);
			runOnlyForDeploymentPostprocessing = 0;
		};
/* End PBXSourcesBuildPhase section */

/* Begin XCBuildConfiguration section */
		2CE75F7D2B2826390058B0AD /* Debug */ = {
			isa = XCBuildConfiguration;
			buildSettings = {
				ALWAYS_SEARCH_USER_PATHS = NO;
				ASSETCATALOG_COMPILER_GENERATE_SWIFT_ASSET_SYMBOL_EXTENSIONS = YES;
				CLANG_ANALYZER_NONNULL = YES;
				CLANG_ANALYZER_NUMBER_OBJECT_CONVERSION = YES_AGGRESSIVE;
				CLANG_CXX_LANGUAGE_STANDARD = "gnu++20";
				CLANG_ENABLE_MODULES = YES;
				CLANG_ENABLE_OBJC_ARC = YES;
				CLANG_ENABLE_OBJC_WEAK = YES;
				CLANG_WARN_BLOCK_CAPTURE_AUTORELEASING = YES;
				CLANG_WARN_BOOL_CONVERSION = YES;
				CLANG_WARN_COMMA = YES;
				CLANG_WARN_CONSTANT_CONVERSION = YES;
				CLANG_WARN_DEPRECATED_OBJC_IMPLEMENTATIONS = YES;
				CLANG_WARN_DIRECT_OBJC_ISA_USAGE = YES_ERROR;
				CLANG_WARN_DOCUMENTATION_COMMENTS = YES;
				CLANG_WARN_EMPTY_BODY = YES;
				CLANG_WARN_ENUM_CONVERSION = YES;
				CLANG_WARN_INFINITE_RECURSION = YES;
				CLANG_WARN_INT_CONVERSION = YES;
				CLANG_WARN_NON_LITERAL_NULL_CONVERSION = YES;
				CLANG_WARN_OBJC_IMPLICIT_RETAIN_SELF = YES;
				CLANG_WARN_OBJC_LITERAL_CONVERSION = YES;
				CLANG_WARN_OBJC_ROOT_CLASS = YES_ERROR;
				CLANG_WARN_QUOTED_INCLUDE_IN_FRAMEWORK_HEADER = YES;
				CLANG_WARN_RANGE_LOOP_ANALYSIS = YES;
				CLANG_WARN_STRICT_PROTOTYPES = YES;
				CLANG_WARN_SUSPICIOUS_MOVE = YES;
				CLANG_WARN_UNGUARDED_AVAILABILITY = YES_AGGRESSIVE;
				CLANG_WARN_UNREACHABLE_CODE = YES;
				CLANG_WARN__DUPLICATE_METHOD_MATCH = YES;
				COPY_PHASE_STRIP = NO;
				DEBUG_INFORMATION_FORMAT = dwarf;
				ENABLE_STRICT_OBJC_MSGSEND = YES;
				ENABLE_TESTABILITY = YES;
				ENABLE_USER_SCRIPT_SANDBOXING = YES;
				GCC_C_LANGUAGE_STANDARD = gnu17;
				GCC_DYNAMIC_NO_PIC = NO;
				GCC_NO_COMMON_BLOCKS = YES;
				GCC_OPTIMIZATION_LEVEL = 0;
				GCC_PREPROCESSOR_DEFINITIONS = (
					"DEBUG=1",
					"$(inherited)",
				);
				GCC_WARN_64_TO_32_BIT_CONVERSION = YES;
				GCC_WARN_ABOUT_RETURN_TYPE = YES_ERROR;
				GCC_WARN_UNDECLARED_SELECTOR = YES;
				GCC_WARN_UNINITIALIZED_AUTOS = YES_AGGRESSIVE;
				GCC_WARN_UNUSED_FUNCTION = YES;
				GCC_WARN_UNUSED_VARIABLE = YES;
				IPHONEOS_DEPLOYMENT_TARGET = 17.0;
				LOCALIZATION_PREFERS_STRING_CATALOGS = YES;
				MTL_ENABLE_DEBUG_INFO = INCLUDE_SOURCE;
				MTL_FAST_MATH = YES;
				ONLY_ACTIVE_ARCH = YES;
				SDKROOT = iphoneos;
				SWIFT_ACTIVE_COMPILATION_CONDITIONS = "DEBUG $(inherited)";
				SWIFT_OPTIMIZATION_LEVEL = "-Onone";
			};
			name = Debug;
		};
		2CE75F7E2B2826390058B0AD /* Release */ = {
			isa = XCBuildConfiguration;
			buildSettings = {
				ALWAYS_SEARCH_USER_PATHS = NO;
				ASSETCATALOG_COMPILER_GENERATE_SWIFT_ASSET_SYMBOL_EXTENSIONS = YES;
				CLANG_ANALYZER_NONNULL = YES;
				CLANG_ANALYZER_NUMBER_OBJECT_CONVERSION = YES_AGGRESSIVE;
				CLANG_CXX_LANGUAGE_STANDARD = "gnu++20";
				CLANG_ENABLE_MODULES = YES;
				CLANG_ENABLE_OBJC_ARC = YES;
				CLANG_ENABLE_OBJC_WEAK = YES;
				CLANG_WARN_BLOCK_CAPTURE_AUTORELEASING = YES;
				CLANG_WARN_BOOL_CONVERSION = YES;
				CLANG_WARN_COMMA = YES;
				CLANG_WARN_CONSTANT_CONVERSION = YES;
				CLANG_WARN_DEPRECATED_OBJC_IMPLEMENTATIONS = YES;
				CLANG_WARN_DIRECT_OBJC_ISA_USAGE = YES_ERROR;
				CLANG_WARN_DOCUMENTATION_COMMENTS = YES;
				CLANG_WARN_EMPTY_BODY = YES;
				CLANG_WARN_ENUM_CONVERSION = YES;
				CLANG_WARN_INFINITE_RECURSION = YES;
				CLANG_WARN_INT_CONVERSION = YES;
				CLANG_WARN_NON_LITERAL_NULL_CONVERSION = YES;
				CLANG_WARN_OBJC_IMPLICIT_RETAIN_SELF = YES;
				CLANG_WARN_OBJC_LITERAL_CONVERSION = YES;
				CLANG_WARN_OBJC_ROOT_CLASS = YES_ERROR;
				CLANG_WARN_QUOTED_INCLUDE_IN_FRAMEWORK_HEADER = YES;
				CLANG_WARN_RANGE_LOOP_ANALYSIS = YES;
				CLANG_WARN_STRICT_PROTOTYPES = YES;
				CLANG_WARN_SUSPICIOUS_MOVE = YES;
				CLANG_WARN_UNGUARDED_AVAILABILITY = YES_AGGRESSIVE;
				CLANG_WARN_UNREACHABLE_CODE = YES;
				CLANG_WARN__DUPLICATE_METHOD_MATCH = YES;
				COPY_PHASE_STRIP = NO;
				DEBUG_INFORMATION_FORMAT = "dwarf-with-dsym";
				ENABLE_NS_ASSERTIONS = NO;
				ENABLE_STRICT_OBJC_MSGSEND = YES;
				ENABLE_USER_SCRIPT_SANDBOXING = YES;
				GCC_C_LANGUAGE_STANDARD = gnu17;
				GCC_NO_COMMON_BLOCKS = YES;
				GCC_WARN_64_TO_32_BIT_CONVERSION = YES;
				GCC_WARN_ABOUT_RETURN_TYPE = YES_ERROR;
				GCC_WARN_UNDECLARED_SELECTOR = YES;
				GCC_WARN_UNINITIALIZED_AUTOS = YES_AGGRESSIVE;
				GCC_WARN_UNUSED_FUNCTION = YES;
				GCC_WARN_UNUSED_VARIABLE = YES;
				IPHONEOS_DEPLOYMENT_TARGET = 17.0;
				LOCALIZATION_PREFERS_STRING_CATALOGS = YES;
				MTL_ENABLE_DEBUG_INFO = NO;
				MTL_FAST_MATH = YES;
				SDKROOT = iphoneos;
				SWIFT_COMPILATION_MODE = wholemodule;
				VALIDATE_PRODUCT = YES;
			};
			name = Release;
		};
		2CE75F802B2826390058B0AD /* Debug */ = {
			isa = XCBuildConfiguration;
			buildSettings = {
				ASSETCATALOG_COMPILER_APPICON_NAME = AppIcon;
				ASSETCATALOG_COMPILER_GLOBAL_ACCENT_COLOR_NAME = AccentColor;
				CODE_SIGN_STYLE = Automatic;
				CURRENT_PROJECT_VERSION = 1;
				DEVELOPMENT_ASSET_PATHS = "\"ReadIt/Preview Content\"";
				DEVELOPMENT_TEAM = MPC7JG3E93;
				ENABLE_PREVIEWS = YES;
				GENERATE_INFOPLIST_FILE = YES;
				INFOPLIST_KEY_LSApplicationCategoryType = "public.app-category.reference";
				INFOPLIST_KEY_UIApplicationSceneManifest_Generation = YES;
				INFOPLIST_KEY_UIApplicationSupportsIndirectInputEvents = YES;
				INFOPLIST_KEY_UILaunchScreen_Generation = YES;
				INFOPLIST_KEY_UISupportedInterfaceOrientations_iPad = "UIInterfaceOrientationPortrait UIInterfaceOrientationPortraitUpsideDown UIInterfaceOrientationLandscapeLeft UIInterfaceOrientationLandscapeRight";
				INFOPLIST_KEY_UISupportedInterfaceOrientations_iPhone = "UIInterfaceOrientationPortrait UIInterfaceOrientationLandscapeLeft UIInterfaceOrientationLandscapeRight";
				LD_RUNPATH_SEARCH_PATHS = (
					"$(inherited)",
					"@executable_path/Frameworks",
				);
				MARKETING_VERSION = 1.0;
				PRODUCT_BUNDLE_IDENTIFIER = io.jumoke.ReadIt;
				PRODUCT_NAME = "$(TARGET_NAME)";
				SWIFT_EMIT_LOC_STRINGS = YES;
				SWIFT_VERSION = 5.0;
				TARGETED_DEVICE_FAMILY = "1,2";
			};
			name = Debug;
		};
		2CE75F812B2826390058B0AD /* Release */ = {
			isa = XCBuildConfiguration;
			buildSettings = {
				ASSETCATALOG_COMPILER_APPICON_NAME = AppIcon;
				ASSETCATALOG_COMPILER_GLOBAL_ACCENT_COLOR_NAME = AccentColor;
				CODE_SIGN_STYLE = Automatic;
				CURRENT_PROJECT_VERSION = 1;
				DEVELOPMENT_ASSET_PATHS = "\"ReadIt/Preview Content\"";
				DEVELOPMENT_TEAM = MPC7JG3E93;
				ENABLE_PREVIEWS = YES;
				GENERATE_INFOPLIST_FILE = YES;
				INFOPLIST_KEY_LSApplicationCategoryType = "public.app-category.reference";
				INFOPLIST_KEY_UIApplicationSceneManifest_Generation = YES;
				INFOPLIST_KEY_UIApplicationSupportsIndirectInputEvents = YES;
				INFOPLIST_KEY_UILaunchScreen_Generation = YES;
				INFOPLIST_KEY_UISupportedInterfaceOrientations_iPad = "UIInterfaceOrientationPortrait UIInterfaceOrientationPortraitUpsideDown UIInterfaceOrientationLandscapeLeft UIInterfaceOrientationLandscapeRight";
				INFOPLIST_KEY_UISupportedInterfaceOrientations_iPhone = "UIInterfaceOrientationPortrait UIInterfaceOrientationLandscapeLeft UIInterfaceOrientationLandscapeRight";
				LD_RUNPATH_SEARCH_PATHS = (
					"$(inherited)",
					"@executable_path/Frameworks",
				);
				MARKETING_VERSION = 1.0;
				PRODUCT_BUNDLE_IDENTIFIER = io.jumoke.ReadIt;
				PRODUCT_NAME = "$(TARGET_NAME)";
				SWIFT_EMIT_LOC_STRINGS = YES;
				SWIFT_VERSION = 5.0;
				TARGETED_DEVICE_FAMILY = "1,2";
			};
			name = Release;
		};
/* End XCBuildConfiguration section */

/* Begin XCConfigurationList section */
		2CE75F6C2B2826330058B0AD /* Build configuration list for PBXProject "ReadIt" */ = {
			isa = XCConfigurationList;
			buildConfigurations = (
				2CE75F7D2B2826390058B0AD /* Debug */,
				2CE75F7E2B2826390058B0AD /* Release */,
			);
			defaultConfigurationIsVisible = 0;
			defaultConfigurationName = Release;
		};
		2CE75F7F2B2826390058B0AD /* Build configuration list for PBXNativeTarget "ReadIt" */ = {
			isa = XCConfigurationList;
			buildConfigurations = (
				2CE75F802B2826390058B0AD /* Debug */,
				2CE75F812B2826390058B0AD /* Release */,
			);
			defaultConfigurationIsVisible = 0;
			defaultConfigurationName = Release;
		};
/* End XCConfigurationList section */
	};
	rootObject = 2CE75F692B2826320058B0AD /* Project object */;
}
